Microsoft Visual Studio Solution File, Format Version 12.00
# Visual Studio 14
Project("{8BC9CEB8-8B4A-11D0-8D11-00A0C91BC942}") = "ALL_BUILD", "ALL_BUILD.vcxproj", "{092CE9C9-2415-30DE-BB72-4FDA701B986C}"
	ProjectSection(ProjectDependencies) = postProject
		{01FCE8B4-CC92-301D-AED1-EBE54F2A6DAB} = {01FCE8B4-CC92-301D-AED1-EBE54F2A6DAB}
		{C7C132F1-CD23-3DC3-9ED6-CC08D2F005D5} = {C7C132F1-CD23-3DC3-9ED6-CC08D2F005D5}
		{83B9AEB1-3C8B-3F24-BA84-D984E483CCB6} = {83B9AEB1-3C8B-3F24-BA84-D984E483CCB6}
		{AAE4838D-A415-3A3C-B9E4-C8591AAC64F5} = {AAE4838D-A415-3A3C-B9E4-C8591AAC64F5}
		{1E54E1B6-A3DD-3A93-838F-A3611CD998D8} = {1E54E1B6-A3DD-3A93-838F-A3611CD998D8}
		{69ABEA12-33BC-3E06-A07D-BCDA3B2E274B} = {69ABEA12-33BC-3E06-A07D-BCDA3B2E274B}
		{CF6FC2AF-B47F-34C4-B500-83EAF2B21002} = {CF6FC2AF-B47F-34C4-B500-83EAF2B21002}
		{4646E760-9069-35B0-82F6-6DC415CCD183} = {4646E760-9069-35B0-82F6-6DC415CCD183}
		{DC307F05-C26A-3185-AA43-FB5006C2D331} = {DC307F05-C26A-3185-AA43-FB5006C2D331}
		{D8D497E2-8F09-3779-BDBE-435D944342E5} = {D8D497E2-8F09-3779-BDBE-435D944342E5}
		{DECB0F06-2427-3EF4-9CFF-369FBB8001E7} = {DECB0F06-2427-3EF4-9CFF-369FBB8001E7}
		{81CE0B52-70D0-3202-8C99-9C147A90086B} = {81CE0B52-70D0-3202-8C99-9C147A90086B}
		{E8AFC9E2-E6DA-33A8-865B-1C685680CFFD} = {E8AFC9E2-E6DA-33A8-865B-1C685680CFFD}
		{41B8F9AA-495A-3F63-A7A1-EDD04D50795D} = {41B8F9AA-495A-3F63-A7A1-EDD04D50795D}
		{7DC9B8C4-C7C6-3884-937B-39479D9B5BBF} = {7DC9B8C4-C7C6-3884-937B-39479D9B5BBF}
		{35C71F2E-2C1B-3E4A-A9BC-CB623286A7B3} = {35C71F2E-2C1B-3E4A-A9BC-CB623286A7B3}
		{51C85743-320A-397B-8430-019962D8CA37} = {51C85743-320A-397B-8430-019962D8CA37}
		{785FFA1D-4A19-3553-BBDC-99E341DA8878} = {785FFA1D-4A19-3553-BBDC-99E341DA8878}
	EndProjectSection
EndProject
Project("{8BC9CEB8-8B4A-11D0-8D11-00A0C91BC942}") = "AudioBeam", "AudioBeam\AudioBeam.vcxproj", "{01FCE8B4-CC92-301D-AED1-EBE54F2A6DAB}"
	ProjectSection(ProjectDependencies) = postProject
		{785FFA1D-4A19-3553-BBDC-99E341DA8878} = {785FFA1D-4A19-3553-BBDC-99E341DA8878}
	EndProjectSection
EndProject
Project("{8BC9CEB8-8B4A-11D0-8D11-00A0C91BC942}") = "AudioBody", "AudioBody\AudioBody.vcxproj", "{C7C132F1-CD23-3DC3-9ED6-CC08D2F005D5}"
	ProjectSection(ProjectDependencies) = postProject
		{785FFA1D-4A19-3553-BBDC-99E341DA8878} = {785FFA1D-4A19-3553-BBDC-99E341DA8878}
	EndProjectSection
EndProject
Project("{8BC9CEB8-8B4A-11D0-8D11-00A0C91BC942}") = "Body", "Body\Body.vcxproj", "{83B9AEB1-3C8B-3F24-BA84-D984E483CCB6}"
	ProjectSection(ProjectDependencies) = postProject
		{785FFA1D-4A19-3553-BBDC-99E341DA8878} = {785FFA1D-4A19-3553-BBDC-99E341DA8878}
	EndProjectSection
EndProject
Project("{8BC9CEB8-8B4A-11D0-8D11-00A0C91BC942}") = "BodyIndex", "BodyIndex\BodyIndex.vcxproj", "{AAE4838D-A415-3A3C-B9E4-C8591AAC64F5}"
	ProjectSection(ProjectDependencies) = postProject
		{785FFA1D-4A19-3553-BBDC-99E341DA8878} = {785FFA1D-4A19-3553-BBDC-99E341DA8878}
	EndProjectSection
EndProject
Project("{8BC9CEB8-8B4A-11D0-8D11-00A0C91BC942}") = "ChromaKey", "ChromaKey\ChromaKey.vcxproj", "{1E54E1B6-A3DD-3A93-838F-A3611CD998D8}"
	ProjectSection(ProjectDependencies) = postProject
		{785FFA1D-4A19-3553-BBDC-99E341DA8878} = {785FFA1D-4A19-3553-BBDC-99E341DA8878}
	EndProjectSection
EndProject
Project("{8BC9CEB8-8B4A-11D0-8D11-00A0C91BC942}") = "Color", "Color\Color.vcxproj", "{69ABEA12-33BC-3E06-A07D-BCDA3B2E274B}"
	ProjectSection(ProjectDependencies) = postProject
		{785FFA1D-4A19-3553-BBDC-99E341DA8878} = {785FFA1D-4A19-3553-BBDC-99E341DA8878}
	EndProjectSection
EndProject
Project("{8BC9CEB8-8B4A-11D0-8D11-00A0C91BC942}") = "CoordinateMapper", "CoordinateMapper\CoordinateMapper.vcxproj", "{CF6FC2AF-B47F-34C4-B500-83EAF2B21002}"
	ProjectSection(ProjectDependencies) = postProject
		{785FFA1D-4A19-3553-BBDC-99E341DA8878} = {785FFA1D-4A19-3553-BBDC-99E341DA8878}
	EndProjectSection
EndProject
Project("{8BC9CEB8-8B4A-11D0-8D11-00A0C91BC942}") = "Depth", "Depth\Depth.vcxproj", "{4646E760-9069-35B0-82F6-6DC415CCD183}"
	ProjectSection(ProjectDependencies) = postProject
		{785FFA1D-4A19-3553-BBDC-99E341DA8878} = {785FFA1D-4A19-3553-BBDC-99E341DA8878}
	EndProjectSection
EndProject
Project("{8BC9CEB8-8B4A-11D0-8D11-00A0C91BC942}") = "Face", "Face\Face.vcxproj", "{DC307F05-C26A-3185-AA43-FB5006C2D331}"
	ProjectSection(ProjectDependencies) = postProject
		{785FFA1D-4A19-3553-BBDC-99E341DA8878} = {785FFA1D-4A19-3553-BBDC-99E341DA8878}
	EndProjectSection
EndProject
Project("{8BC9CEB8-8B4A-11D0-8D11-00A0C91BC942}") = "FaceClip", "FaceClip\FaceClip.vcxproj", "{D8D497E2-8F09-3779-BDBE-435D944342E5}"
	ProjectSection(ProjectDependencies) = postProject
		{785FFA1D-4A19-3553-BBDC-99E341DA8878} = {785FFA1D-4A19-3553-BBDC-99E341DA8878}
	EndProjectSection
EndProject
Project("{8BC9CEB8-8B4A-11D0-8D11-00A0C91BC942}") = "Fusion", "Fusion\Fusion.vcxproj", "{DECB0F06-2427-3EF4-9CFF-369FBB8001E7}"
	ProjectSection(ProjectDependencies) = postProject
		{785FFA1D-4A19-3553-BBDC-99E341DA8878} = {785FFA1D-4A19-3553-BBDC-99E341DA8878}
	EndProjectSection
EndProject
Project("{8BC9CEB8-8B4A-11D0-8D11-00A0C91BC942}") = "Gesture", "Gesture\Gesture.vcxproj", "{81CE0B52-70D0-3202-8C99-9C147A90086B}"
	ProjectSection(ProjectDependencies) = postProject
		{785FFA1D-4A19-3553-BBDC-99E341DA8878} = {785FFA1D-4A19-3553-BBDC-99E341DA8878}
	EndProjectSection
EndProject
Project("{8BC9CEB8-8B4A-11D0-8D11-00A0C91BC942}") = "HDFace", "HDFace\HDFace.vcxproj", "{E8AFC9E2-E6DA-33A8-865B-1C685680CFFD}"
	ProjectSection(ProjectDependencies) = postProject
		{785FFA1D-4A19-3553-BBDC-99E341DA8878} = {785FFA1D-4A19-3553-BBDC-99E341DA8878}
	EndProjectSection
EndProject
Project("{8BC9CEB8-8B4A-11D0-8D11-00A0C91BC942}") = "Infrared", "Infrared\Infrared.vcxproj", "{41B8F9AA-495A-3F63-A7A1-EDD04D50795D}"
	ProjectSection(ProjectDependencies) = postProject
		{785FFA1D-4A19-3553-BBDC-99E341DA8878} = {785FFA1D-4A19-3553-BBDC-99E341DA8878}
	EndProjectSection
EndProject
Project("{8BC9CEB8-8B4A-11D0-8D11-00A0C91BC942}") = "JointSmooth", "JointSmooth\JointSmooth.vcxproj", "{7DC9B8C4-C7C6-3884-937B-39479D9B5BBF}"
	ProjectSection(ProjectDependencies) = postProject
		{785FFA1D-4A19-3553-BBDC-99E341DA8878} = {785FFA1D-4A19-3553-BBDC-99E341DA8878}
	EndProjectSection
EndProject
Project("{8BC9CEB8-8B4A-11D0-8D11-00A0C91BC942}") = "MultiSource", "MultiSource\MultiSource.vcxproj", "{35C71F2E-2C1B-3E4A-A9BC-CB623286A7B3}"
	ProjectSection(ProjectDependencies) = postProject
		{785FFA1D-4A19-3553-BBDC-99E341DA8878} = {785FFA1D-4A19-3553-BBDC-99E341DA8878}
	EndProjectSection
EndProject
Project("{8BC9CEB8-8B4A-11D0-8D11-00A0C91BC942}") = "Speech", "Speech\Speech.vcxproj", "{51C85743-320A-397B-8430-019962D8CA37}"
	ProjectSection(ProjectDependencies) = postProject
		{785FFA1D-4A19-3553-BBDC-99E341DA8878} = {785FFA1D-4A19-3553-BBDC-99E341DA8878}
	EndProjectSection
EndProject
Project("{8BC9CEB8-8B4A-11D0-8D11-00A0C91BC942}") = "ZERO_CHECK", "ZERO_CHECK.vcxproj", "{785FFA1D-4A19-3553-BBDC-99E341DA8878}"
	ProjectSection(ProjectDependencies) = postProject
	EndProjectSection
EndProject
Global
	GlobalSection(SolutionConfigurationPlatforms) = preSolution
		Debug|x64 = Debug|x64
		Release|x64 = Release|x64
		MinSizeRel|x64 = MinSizeRel|x64
		RelWithDebInfo|x64 = RelWithDebInfo|x64
	EndGlobalSection
	GlobalSection(ProjectConfigurationPlatforms) = postSolution
		{092CE9C9-2415-30DE-BB72-4FDA701B986C}.Debug|x64.ActiveCfg = Debug|x64
		{092CE9C9-2415-30DE-BB72-4FDA701B986C}.Release|x64.ActiveCfg = Release|x64
		{092CE9C9-2415-30DE-BB72-4FDA701B986C}.MinSizeRel|x64.ActiveCfg = MinSizeRel|x64
		{092CE9C9-2415-30DE-BB72-4FDA701B986C}.RelWithDebInfo|x64.ActiveCfg = RelWithDebInfo|x64
		{01FCE8B4-CC92-301D-AED1-EBE54F2A6DAB}.Debug|x64.ActiveCfg = Debug|x64
		{01FCE8B4-CC92-301D-AED1-EBE54F2A6DAB}.Debug|x64.Build.0 = Debug|x64
		{01FCE8B4-CC92-301D-AED1-EBE54F2A6DAB}.Release|x64.ActiveCfg = Release|x64
		{01FCE8B4-CC92-301D-AED1-EBE54F2A6DAB}.Release|x64.Build.0 = Release|x64
		{01FCE8B4-CC92-301D-AED1-EBE54F2A6DAB}.MinSizeRel|x64.ActiveCfg = MinSizeRel|x64
		{01FCE8B4-CC92-301D-AED1-EBE54F2A6DAB}.MinSizeRel|x64.Build.0 = MinSizeRel|x64
		{01FCE8B4-CC92-301D-AED1-EBE54F2A6DAB}.RelWithDebInfo|x64.ActiveCfg = RelWithDebInfo|x64
		{01FCE8B4-CC92-301D-AED1-EBE54F2A6DAB}.RelWithDebInfo|x64.Build.0 = RelWithDebInfo|x64
		{C7C132F1-CD23-3DC3-9ED6-CC08D2F005D5}.Debug|x64.ActiveCfg = Debug|x64
		{C7C132F1-CD23-3DC3-9ED6-CC08D2F005D5}.Debug|x64.Build.0 = Debug|x64
		{C7C132F1-CD23-3DC3-9ED6-CC08D2F005D5}.Release|x64.ActiveCfg = Release|x64
		{C7C132F1-CD23-3DC3-9ED6-CC08D2F005D5}.Release|x64.Build.0 = Release|x64
		{C7C132F1-CD23-3DC3-9ED6-CC08D2F005D5}.MinSizeRel|x64.ActiveCfg = MinSizeRel|x64
		{C7C132F1-CD23-3DC3-9ED6-CC08D2F005D5}.MinSizeRel|x64.Build.0 = MinSizeRel|x64
		{C7C132F1-CD23-3DC3-9ED6-CC08D2F005D5}.RelWithDebInfo|x64.ActiveCfg = RelWithDebInfo|x64
		{C7C132F1-CD23-3DC3-9ED6-CC08D2F005D5}.RelWithDebInfo|x64.Build.0 = RelWithDebInfo|x64
		{83B9AEB1-3C8B-3F24-BA84-D984E483CCB6}.Debug|x64.ActiveCfg = Debug|x64
		{83B9AEB1-3C8B-3F24-BA84-D984E483CCB6}.Debug|x64.Build.0 = Debug|x64
		{83B9AEB1-3C8B-3F24-BA84-D984E483CCB6}.Release|x64.ActiveCfg = Release|x64
		{83B9AEB1-3C8B-3F24-BA84-D984E483CCB6}.Release|x64.Build.0 = Release|x64
		{83B9AEB1-3C8B-3F24-BA84-D984E483CCB6}.MinSizeRel|x64.ActiveCfg = MinSizeRel|x64
		{83B9AEB1-3C8B-3F24-BA84-D984E483CCB6}.MinSizeRel|x64.Build.0 = MinSizeRel|x64
		{83B9AEB1-3C8B-3F24-BA84-D984E483CCB6}.RelWithDebInfo|x64.ActiveCfg = RelWithDebInfo|x64
		{83B9AEB1-3C8B-3F24-BA84-D984E483CCB6}.RelWithDebInfo|x64.Build.0 = RelWithDebInfo|x64
		{AAE4838D-A415-3A3C-B9E4-C8591AAC64F5}.Debug|x64.ActiveCfg = Debug|x64
		{AAE4838D-A415-3A3C-B9E4-C8591AAC64F5}.Debug|x64.Build.0 = Debug|x64
		{AAE4838D-A415-3A3C-B9E4-C8591AAC64F5}.Release|x64.ActiveCfg = Release|x64
		{AAE4838D-A415-3A3C-B9E4-C8591AAC64F5}.Release|x64.Build.0 = Release|x64
		{AAE4838D-A415-3A3C-B9E4-C8591AAC64F5}.MinSizeRel|x64.ActiveCfg = MinSizeRel|x64
		{AAE4838D-A415-3A3C-B9E4-C8591AAC64F5}.MinSizeRel|x64.Build.0 = MinSizeRel|x64
		{AAE4838D-A415-3A3C-B9E4-C8591AAC64F5}.RelWithDebInfo|x64.ActiveCfg = RelWithDebInfo|x64
		{AAE4838D-A415-3A3C-B9E4-C8591AAC64F5}.RelWithDebInfo|x64.Build.0 = RelWithDebInfo|x64
		{1E54E1B6-A3DD-3A93-838F-A3611CD998D8}.Debug|x64.ActiveCfg = Debug|x64
		{1E54E1B6-A3DD-3A93-838F-A3611CD998D8}.Debug|x64.Build.0 = Debug|x64
		{1E54E1B6-A3DD-3A93-838F-A3611CD998D8}.Release|x64.ActiveCfg = Release|x64
		{1E54E1B6-A3DD-3A93-838F-A3611CD998D8}.Release|x64.Build.0 = Release|x64
		{1E54E1B6-A3DD-3A93-838F-A3611CD998D8}.MinSizeRel|x64.ActiveCfg = MinSizeRel|x64
		{1E54E1B6-A3DD-3A93-838F-A3611CD998D8}.MinSizeRel|x64.Build.0 = MinSizeRel|x64
		{1E54E1B6-A3DD-3A93-838F-A3611CD998D8}.RelWithDebInfo|x64.ActiveCfg = RelWithDebInfo|x64
		{1E54E1B6-A3DD-3A93-838F-A3611CD998D8}.RelWithDebInfo|x64.Build.0 = RelWithDebInfo|x64
		{69ABEA12-33BC-3E06-A07D-BCDA3B2E274B}.Debug|x64.ActiveCfg = Debug|x64
		{69ABEA12-33BC-3E06-A07D-BCDA3B2E274B}.Debug|x64.Build.0 = Debug|x64
		{69ABEA12-33BC-3E06-A07D-BCDA3B2E274B}.Release|x64.ActiveCfg = Release|x64
		{69ABEA12-33BC-3E06-A07D-BCDA3B2E274B}.Release|x64.Build.0 = Release|x64
		{69ABEA12-33BC-3E06-A07D-BCDA3B2E274B}.MinSizeRel|x64.ActiveCfg = MinSizeRel|x64
		{69ABEA12-33BC-3E06-A07D-BCDA3B2E274B}.MinSizeRel|x64.Build.0 = MinSizeRel|x64
		{69ABEA12-33BC-3E06-A07D-BCDA3B2E274B}.RelWithDebInfo|x64.ActiveCfg = RelWithDebInfo|x64
		{69ABEA12-33BC-3E06-A07D-BCDA3B2E274B}.RelWithDebInfo|x64.Build.0 = RelWithDebInfo|x64
		{CF6FC2AF-B47F-34C4-B500-83EAF2B21002}.Debug|x64.ActiveCfg = Debug|x64
		{CF6FC2AF-B47F-34C4-B500-83EAF2B21002}.Debug|x64.Build.0 = Debug|x64
		{CF6FC2AF-B47F-34C4-B500-83EAF2B21002}.Release|x64.ActiveCfg = Release|x64
		{CF6FC2AF-B47F-34C4-B500-83EAF2B21002}.Release|x64.Build.0 = Release|x64
		{CF6FC2AF-B47F-34C4-B500-83EAF2B21002}.MinSizeRel|x64.ActiveCfg = MinSizeRel|x64
		{CF6FC2AF-B47F-34C4-B500-83EAF2B21002}.MinSizeRel|x64.Build.0 = MinSizeRel|x64
		{CF6FC2AF-B47F-34C4-B500-83EAF2B21002}.RelWithDebInfo|x64.ActiveCfg = RelWithDebInfo|x64
		{CF6FC2AF-B47F-34C4-B500-83EAF2B21002}.RelWithDebInfo|x64.Build.0 = RelWithDebInfo|x64
		{4646E760-9069-35B0-82F6-6DC415CCD183}.Debug|x64.ActiveCfg = Debug|x64
		{4646E760-9069-35B0-82F6-6DC415CCD183}.Debug|x64.Build.0 = Debug|x64
		{4646E760-9069-35B0-82F6-6DC415CCD183}.Release|x64.ActiveCfg = Release|x64
		{4646E760-9069-35B0-82F6-6DC415CCD183}.Release|x64.Build.0 = Release|x64
		{4646E760-9069-35B0-82F6-6DC415CCD183}.MinSizeRel|x64.ActiveCfg = MinSizeRel|x64
		{4646E760-9069-35B0-82F6-6DC415CCD183}.MinSizeRel|x64.Build.0 = MinSizeRel|x64
		{4646E760-9069-35B0-82F6-6DC415CCD183}.RelWithDebInfo|x64.ActiveCfg = RelWithDebInfo|x64
		{4646E760-9069-35B0-82F6-6DC415CCD183}.RelWithDebInfo|x64.Build.0 = RelWithDebInfo|x64
		{DC307F05-C26A-3185-AA43-FB5006C2D331}.Debug|x64.ActiveCfg = Debug|x64
		{DC307F05-C26A-3185-AA43-FB5006C2D331}.Debug|x64.Build.0 = Debug|x64
		{DC307F05-C26A-3185-AA43-FB5006C2D331}.Release|x64.ActiveCfg = Release|x64
		{DC307F05-C26A-3185-AA43-FB5006C2D331}.Release|x64.Build.0 = Release|x64
		{DC307F05-C26A-3185-AA43-FB5006C2D331}.MinSizeRel|x64.ActiveCfg = MinSizeRel|x64
		{DC307F05-C26A-3185-AA43-FB5006C2D331}.MinSizeRel|x64.Build.0 = MinSizeRel|x64
		{DC307F05-C26A-3185-AA43-FB5006C2D331}.RelWithDebInfo|x64.ActiveCfg = RelWithDebInfo|x64
		{DC307F05-C26A-3185-AA43-FB5006C2D331}.RelWithDebInfo|x64.Build.0 = RelWithDebInfo|x64
		{D8D497E2-8F09-3779-BDBE-435D944342E5}.Debug|x64.ActiveCfg = Debug|x64
		{D8D497E2-8F09-3779-BDBE-435D944342E5}.Debug|x64.Build.0 = Debug|x64
		{D8D497E2-8F09-3779-BDBE-435D944342E5}.Release|x64.ActiveCfg = Release|x64
		{D8D497E2-8F09-3779-BDBE-435D944342E5}.Release|x64.Build.0 = Release|x64
		{D8D497E2-8F09-3779-BDBE-435D944342E5}.MinSizeRel|x64.ActiveCfg = MinSizeRel|x64
		{D8D497E2-8F09-3779-BDBE-435D944342E5}.MinSizeRel|x64.Build.0 = MinSizeRel|x64
		{D8D497E2-8F09-3779-BDBE-435D944342E5}.RelWithDebInfo|x64.ActiveCfg = RelWithDebInfo|x64
		{D8D497E2-8F09-3779-BDBE-435D944342E5}.RelWithDebInfo|x64.Build.0 = RelWithDebInfo|x64
		{DECB0F06-2427-3EF4-9CFF-369FBB8001E7}.Debug|x64.ActiveCfg = Debug|x64
		{DECB0F06-2427-3EF4-9CFF-369FBB8001E7}.Debug|x64.Build.0 = Debug|x64
		{DECB0F06-2427-3EF4-9CFF-369FBB8001E7}.Release|x64.ActiveCfg = Release|x64
		{DECB0F06-2427-3EF4-9CFF-369FBB8001E7}.Release|x64.Build.0 = Release|x64
		{DECB0F06-2427-3EF4-9CFF-369FBB8001E7}.MinSizeRel|x64.ActiveCfg = MinSizeRel|x64
		{DECB0F06-2427-3EF4-9CFF-369FBB8001E7}.MinSizeRel|x64.Build.0 = MinSizeRel|x64
		{DECB0F06-2427-3EF4-9CFF-369FBB8001E7}.RelWithDebInfo|x64.ActiveCfg = RelWithDebInfo|x64
		{DECB0F06-2427-3EF4-9CFF-369FBB8001E7}.RelWithDebInfo|x64.Build.0 = RelWithDebInfo|x64
		{81CE0B52-70D0-3202-8C99-9C147A90086B}.Debug|x64.ActiveCfg = Debug|x64
		{81CE0B52-70D0-3202-8C99-9C147A90086B}.Debug|x64.Build.0 = Debug|x64
		{81CE0B52-70D0-3202-8C99-9C147A90086B}.Release|x64.ActiveCfg = Release|x64
		{81CE0B52-70D0-3202-8C99-9C147A90086B}.Release|x64.Build.0 = Release|x64
		{81CE0B52-70D0-3202-8C99-9C147A90086B}.MinSizeRel|x64.ActiveCfg = MinSizeRel|x64
		{81CE0B52-70D0-3202-8C99-9C147A90086B}.MinSizeRel|x64.Build.0 = MinSizeRel|x64
		{81CE0B52-70D0-3202-8C99-9C147A90086B}.RelWithDebInfo|x64.ActiveCfg = RelWithDebInfo|x64
		{81CE0B52-70D0-3202-8C99-9C147A90086B}.RelWithDebInfo|x64.Build.0 = RelWithDebInfo|x64
		{E8AFC9E2-E6DA-33A8-865B-1C685680CFFD}.Debug|x64.ActiveCfg = Debug|x64
		{E8AFC9E2-E6DA-33A8-865B-1C685680CFFD}.Debug|x64.Build.0 = Debug|x64
		{E8AFC9E2-E6DA-33A8-865B-1C685680CFFD}.Release|x64.ActiveCfg = Release|x64
		{E8AFC9E2-E6DA-33A8-865B-1C685680CFFD}.Release|x64.Build.0 = Release|x64
		{E8AFC9E2-E6DA-33A8-865B-1C685680CFFD}.MinSizeRel|x64.ActiveCfg = MinSizeRel|x64
		{E8AFC9E2-E6DA-33A8-865B-1C685680CFFD}.MinSizeRel|x64.Build.0 = MinSizeRel|x64
		{E8AFC9E2-E6DA-33A8-865B-1C685680CFFD}.RelWithDebInfo|x64.ActiveCfg = RelWithDebInfo|x64
		{E8AFC9E2-E6DA-33A8-865B-1C685680CFFD}.RelWithDebInfo|x64.Build.0 = RelWithDebInfo|x64
		{41B8F9AA-495A-3F63-A7A1-EDD04D50795D}.Debug|x64.ActiveCfg = Debug|x64
		{41B8F9AA-495A-3F63-A7A1-EDD04D50795D}.Debug|x64.Build.0 = Debug|x64
		{41B8F9AA-495A-3F63-A7A1-EDD04D50795D}.Release|x64.ActiveCfg = Release|x64
		{41B8F9AA-495A-3F63-A7A1-EDD04D50795D}.Release|x64.Build.0 = Release|x64
		{41B8F9AA-495A-3F63-A7A1-EDD04D50795D}.MinSizeRel|x64.ActiveCfg = MinSizeRel|x64
		{41B8F9AA-495A-3F63-A7A1-EDD04D50795D}.MinSizeRel|x64.Build.0 = MinSizeRel|x64
		{41B8F9AA-495A-3F63-A7A1-EDD04D50795D}.RelWithDebInfo|x64.ActiveCfg = RelWithDebInfo|x64
		{41B8F9AA-495A-3F63-A7A1-EDD04D50795D}.RelWithDebInfo|x64.Build.0 = RelWithDebInfo|x64
		{7DC9B8C4-C7C6-3884-937B-39479D9B5BBF}.Debug|x64.ActiveCfg = Debug|x64
		{7DC9B8C4-C7C6-3884-937B-39479D9B5BBF}.Debug|x64.Build.0 = Debug|x64
		{7DC9B8C4-C7C6-3884-937B-39479D9B5BBF}.Release|x64.ActiveCfg = Release|x64
		{7DC9B8C4-C7C6-3884-937B-39479D9B5BBF}.Release|x64.Build.0 = Release|x64
		{7DC9B8C4-C7C6-3884-937B-39479D9B5BBF}.MinSizeRel|x64.ActiveCfg = MinSizeRel|x64
		{7DC9B8C4-C7C6-3884-937B-39479D9B5BBF}.MinSizeRel|x64.Build.0 = MinSizeRel|x64
		{7DC9B8C4-C7C6-3884-937B-39479D9B5BBF}.RelWithDebInfo|x64.ActiveCfg = RelWithDebInfo|x64
		{7DC9B8C4-C7C6-3884-937B-39479D9B5BBF}.RelWithDebInfo|x64.Build.0 = RelWithDebInfo|x64
		{35C71F2E-2C1B-3E4A-A9BC-CB623286A7B3}.Debug|x64.ActiveCfg = Debug|x64
		{35C71F2E-2C1B-3E4A-A9BC-CB623286A7B3}.Debug|x64.Build.0 = Debug|x64
		{35C71F2E-2C1B-3E4A-A9BC-CB623286A7B3}.Release|x64.ActiveCfg = Release|x64
		{35C71F2E-2C1B-3E4A-A9BC-CB623286A7B3}.Release|x64.Build.0 = Release|x64
		{35C71F2E-2C1B-3E4A-A9BC-CB623286A7B3}.MinSizeRel|x64.ActiveCfg = MinSizeRel|x64
		{35C71F2E-2C1B-3E4A-A9BC-CB623286A7B3}.MinSizeRel|x64.Build.0 = MinSizeRel|x64
		{35C71F2E-2C1B-3E4A-A9BC-CB623286A7B3}.RelWithDebInfo|x64.ActiveCfg = RelWithDebInfo|x64
		{35C71F2E-2C1B-3E4A-A9BC-CB623286A7B3}.RelWithDebInfo|x64.Build.0 = RelWithDebInfo|x64
		{51C85743-320A-397B-8430-019962D8CA37}.Debug|x64.ActiveCfg = Debug|x64
		{51C85743-320A-397B-8430-019962D8CA37}.Debug|x64.Build.0 = Debug|x64
		{51C85743-320A-397B-8430-019962D8CA37}.Release|x64.ActiveCfg = Release|x64
		{51C85743-320A-397B-8430-019962D8CA37}.Release|x64.Build.0 = Release|x64
		{51C85743-320A-397B-8430-019962D8CA37}.MinSizeRel|x64.ActiveCfg = MinSizeRel|x64
		{51C85743-320A-397B-8430-019962D8CA37}.MinSizeRel|x64.Build.0 = MinSizeRel|x64
		{51C85743-320A-397B-8430-019962D8CA37}.RelWithDebInfo|x64.ActiveCfg = RelWithDebInfo|x64
		{51C85743-320A-397B-8430-019962D8CA37}.RelWithDebInfo|x64.Build.0 = RelWithDebInfo|x64
		{785FFA1D-4A19-3553-BBDC-99E341DA8878}.Debug|x64.ActiveCfg = Debug|x64
		{785FFA1D-4A19-3553-BBDC-99E341DA8878}.Debug|x64.Build.0 = Debug|x64
		{785FFA1D-4A19-3553-BBDC-99E341DA8878}.Release|x64.ActiveCfg = Release|x64
		{785FFA1D-4A19-3553-BBDC-99E341DA8878}.Release|x64.Build.0 = Release|x64
		{785FFA1D-4A19-3553-BBDC-99E341DA8878}.MinSizeRel|x64.ActiveCfg = MinSizeRel|x64
		{785FFA1D-4A19-3553-BBDC-99E341DA8878}.MinSizeRel|x64.Build.0 = MinSizeRel|x64
		{785FFA1D-4A19-3553-BBDC-99E341DA8878}.RelWithDebInfo|x64.ActiveCfg = RelWithDebInfo|x64
		{785FFA1D-4A19-3553-BBDC-99E341DA8878}.RelWithDebInfo|x64.Build.0 = RelWithDebInfo|x64
	EndGlobalSection
	GlobalSection(ExtensibilityGlobals) = postSolution
	EndGlobalSection
	GlobalSection(ExtensibilityAddIns) = postSolution
	EndGlobalSection
EndGlobal
